
Microsoft Visual Studio Solution File, Format Version 12.00
# Visual Studio Version 16
VisualStudioVersion = 16.0.32126.315
MinimumVisualStudioVersion = 10.0.40219.1
Project("{FAE04EC0-301F-11D3-BF4B-00C04F79EFBC}") = "P mamma", "P mamma.csproj", "{A3FAFBE9-6921-406E-A51E-560B53D3027E}"
EndProject
Global
	GlobalSection(SolutionConfigurationPlatforms) = preSolution
		Debug|Any CPU = Debug|Any CPU
		Release|Any CPU = Release|Any CPU
	EndGlobalSection
	GlobalSection(ProjectConfigurationPlatforms) = postSolution
		{A3FAFBE9-6921-406E-A51E-560B53D3027E}.Debug|Any CPU.ActiveCfg = Debug|Any CPU
		{A3FAFBE9-6921-406E-A51E-560B53D3027E}.Debug|Any CPU.Build.0 = Debug|Any CPU
		{A3FAFBE9-6921-406E-A51E-560B53D3027E}.Release|Any CPU.ActiveCfg = Release|Any CPU
		{A3FAFBE9-6921-406E-A51E-560B53D3027E}.Release|Any CPU.Build.0 = Release|Any CPU
	EndGlobalSection
	GlobalSection(SolutionProperties) = preSolution
		HideSolutionNode = FALSE
	EndGlobalSection
	GlobalSection(ExtensibilityGlobals) = postSolution
		SolutionGuid = {9D12350B-4EAC-424C-AF00-E610D08F60E0}
	EndGlobalSection
EndGlobal
